{
  "version": 3,
  "targets": {
    "net8.0/linux-x64": {
      "dotnet-reportgenerator-globaltool/5.4.1": {
        "type": "package",
        "tools": {
          "tools/net8.0/any/DotNetConfig.dll": {},
          "tools/net8.0/any/DotnetToolSettings.xml": {},
          "tools/net8.0/any/McMaster.NETCore.Plugins.dll": {},
          "tools/net8.0/any/Microsoft.DotNet.PlatformAbstractions.dll": {},
          "tools/net8.0/any/Microsoft.Extensions.Configuration.Abstractions.dll": {},
          "tools/net8.0/any/Microsoft.Extensions.Configuration.Binder.dll": {},
          "tools/net8.0/any/Microsoft.Extensions.Configuration.CommandLine.dll": {},
          "tools/net8.0/any/Microsoft.Extensions.Configuration.FileExtensions.dll": {},
          "tools/net8.0/any/Microsoft.Extensions.Configuration.Json.dll": {},
          "tools/net8.0/any/Microsoft.Extensions.Configuration.dll": {},
          "tools/net8.0/any/Microsoft.Extensions.DependencyModel.dll": {},
          "tools/net8.0/any/Microsoft.Extensions.FileProviders.Abstractions.dll": {},
          "tools/net8.0/any/Microsoft.Extensions.FileProviders.Physical.dll": {},
          "tools/net8.0/any/Microsoft.Extensions.FileSystemGlobbing.dll": {},
          "tools/net8.0/any/Microsoft.Extensions.ObjectPool.dll": {},
          "tools/net8.0/any/Microsoft.Extensions.Primitives.dll": {},
          "tools/net8.0/any/ReportGenerator.Core.dll": {},
          "tools/net8.0/any/ReportGenerator.Core.xml": {},
          "tools/net8.0/any/ReportGenerator.DotnetCorePluginLoader.dll": {},
          "tools/net8.0/any/ReportGenerator.DotnetCorePluginLoader.xml": {},
          "tools/net8.0/any/ReportGenerator.deps.json": {},
          "tools/net8.0/any/ReportGenerator.dll": {},
          "tools/net8.0/any/ReportGenerator.exe": {},
          "tools/net8.0/any/ReportGenerator.runtimeconfig.json": {},
          "tools/net8.0/any/System.IO.Pipelines.dll": {},
          "tools/net8.0/any/System.Text.Encodings.Web.dll": {},
          "tools/net8.0/any/System.Text.Json.dll": {},
          "tools/net8.0/any/appsettings.json": {},
          "tools/net8.0/any/runtimes/browser/lib/net8.0/System.Text.Encodings.Web.dll": {}
        }
      }
    }
  },
  "libraries": {},
  "projectFileDependencyGroups": {}
}